<?xml version="1.0" encoding="UTF-8"?>
<Scheme
   version = "1.3">
   <BuildAction>
      <PreActions>
         <ExecutionAction
            ActionType = "Xcode.IDEStandardExecutionActionsCore.ExecutionActionType.ShellScriptAction">
            <ActionContent
               title = "Build Kotlin Framework"
               scriptText = "if [ &quot;YES&quot; = &quot;$OVERRIDE_KOTLIN_BUILD_IDE_SUPPORTED&quot; ]; then&#10;    echo &quot;Skipping Gradle build task invocation due to OVERRIDE_KOTLIN_BUILD_IDE_SUPPORTED environment variable set to \&quot;YES\&quot;&quot;&#10;    exit 0&#10;fi&#10;cd &quot;$SRCROOT/..&quot;&#10;./gradlew :shared:embedAndSignAppleFrameworkForXcode&#10;">
               <EnvironmentBuildable>
                  <BuildableReference
                     BuildableIdentifier = "primary"
                     BlueprintIdentifier = "A6000001"
                     BuildableName = "ExchangeConvertApp.app"
                     BlueprintName = "ExchangeConvertApp"
                     ReferencedContainer = "container:ExchangeConvertApp.xcodeproj">
                  </BuildableReference>
               </EnvironmentBuildable>
            </ActionContent>
         </ExecutionAction>
      </PreActions>
      <BuildActionEntries>
         <BuildActionEntry
            buildForRunning = "YES">
            <BuildableReference
               BuildableIdentifier = "primary"
               BlueprintIdentifier = "A6000001"
               BuildableName = "ExchangeConvertApp.app"
               BlueprintName = "ExchangeConvertApp"
               ReferencedContainer = "container:ExchangeConvertApp.xcodeproj">
            </BuildableReference>
         </BuildActionEntry>
      </BuildActionEntries>
   </BuildAction>
   <LaunchAction
      useCustomWorkingDirectory = "NO"
      buildConfiguration = "Debug"
      allowLocationSimulation = "YES">
      <BuildableProductRunnable>
         <BuildableReference
            BuildableIdentifier = "primary"
            BlueprintIdentifier = "A6000001"
            BuildableName = "ExchangeConvertApp.app"
            BlueprintName = "ExchangeConvertApp"
            ReferencedContainer = "container:ExchangeConvertApp.xcodeproj">
         </BuildableReference>
      </BuildableProductRunnable>
      <LocationScenarioReference
         identifier = "com.apple.dt.IDEFoundation.CurrentLocationScenarioIdentifier"
         referenceType = "1">
      </LocationScenarioReference>
   </LaunchAction>
</Scheme>
